
Microsoft Visual Studio Solution File, Format Version 12.00
# Visual Studio Version 16
VisualStudioVersion = 16.0.31321.278
MinimumVisualStudioVersion = 10.0.40219.1
Project("{8BC9CEB8-8B4A-11D0-8D11-00A0C91BC942}") = "ParallelProgramming_2_lab", "ParallelProgramming_2_lab.vcxproj", "{605D71FA-276B-4019-AE77-7BE5E23317FC}"
EndProject
Global
	GlobalSection(SolutionConfigurationPlatforms) = preSolution
		Debug|x64 = Debug|x64
		Debug|x86 = Debug|x86
		Release|x64 = Release|x64
		Release|x86 = Release|x86
	EndGlobalSection
	GlobalSection(ProjectConfigurationPlatforms) = postSolution
		{605D71FA-276B-4019-AE77-7BE5E23317FC}.Debug|x64.ActiveCfg = Debug|x64
		{605D71FA-276B-4019-AE77-7BE5E23317FC}.Debug|x64.Build.0 = Debug|x64
		{605D71FA-276B-4019-AE77-7BE5E23317FC}.Debug|x86.ActiveCfg = Debug|Win32
		{605D71FA-276B-4019-AE77-7BE5E23317FC}.Debug|x86.Build.0 = Debug|Win32
		{605D71FA-276B-4019-AE77-7BE5E23317FC}.Release|x64.ActiveCfg = Release|x64
		{605D71FA-276B-4019-AE77-7BE5E23317FC}.Release|x64.Build.0 = Release|x64
		{605D71FA-276B-4019-AE77-7BE5E23317FC}.Release|x86.ActiveCfg = Release|Win32
		{605D71FA-276B-4019-AE77-7BE5E23317FC}.Release|x86.Build.0 = Release|Win32
	EndGlobalSection
	GlobalSection(SolutionProperties) = preSolution
		HideSolutionNode = FALSE
	EndGlobalSection
	GlobalSection(ExtensibilityGlobals) = postSolution
		SolutionGuid = {5D57F01E-602A-4049-9120-4DFBAE1ABF4E}
	EndGlobalSection
EndGlobal
